
Microsoft Visual Studio Solution File, Format Version 12.00
# Visual Studio Version 17
VisualStudioVersion = 17.2.32519.379
MinimumVisualStudioVersion = 10.0.40219.1
Project("{FAE04EC0-301F-11D3-BF4B-00C04F79EFBC}") = "AppX2", "AppX2.csproj", "{680C6E27-0E0F-412A-91BB-E20CA55D226A}"
EndProject
Global
	GlobalSection(SolutionConfigurationPlatforms) = preSolution
		Debug|Any CPU = Debug|Any CPU
		Release|Any CPU = Release|Any CPU
	EndGlobalSection
	GlobalSection(ProjectConfigurationPlatforms) = postSolution
		{680C6E27-0E0F-412A-91BB-E20CA55D226A}.Debug|Any CPU.ActiveCfg = Debug|Any CPU
		{680C6E27-0E0F-412A-91BB-E20CA55D226A}.Debug|Any CPU.Build.0 = Debug|Any CPU
		{680C6E27-0E0F-412A-91BB-E20CA55D226A}.Release|Any CPU.ActiveCfg = Release|Any CPU
		{680C6E27-0E0F-412A-91BB-E20CA55D226A}.Release|Any CPU.Build.0 = Release|Any CPU
	EndGlobalSection
	GlobalSection(SolutionProperties) = preSolution
		HideSolutionNode = FALSE
	EndGlobalSection
	GlobalSection(ExtensibilityGlobals) = postSolution
		SolutionGuid = {ABCB065C-8E81-4DF2-A047-16E43198055D}
	EndGlobalSection
EndGlobal
